
Microsoft Visual Studio Solution File, Format Version 12.00
# Visual Studio 15
VisualStudioVersion = 15.0.27130.2010
MinimumVisualStudioVersion = 10.0.40219.1
Project("{FAE04EC0-301F-11D3-BF4B-00C04F79EFBC}") = "M.B.N.G.B.T", "M.B.N.G.B.T\M.B.N.G.B.T.csproj", "{C963772B-CFDD-43CD-A44A-21FA334E4592}"
EndProject
Project("{FAE04EC0-301F-11D3-BF4B-00C04F79EFBC}") = "ClassLibrary", "ClassLibrary\ClassLibrary.csproj", "{11391D7F-F19C-4CC9-907D-9CC524EA1760}"
EndProject
Project("{54435603-DBB4-11D2-8724-00A0C9A8B90C}") = "M.B.N.G.B.T.Setup", "M.B.N.G.B.T.Setup\M.B.N.G.B.T.Setup.vdproj", "{95AC86AB-92A0-4E94-928B-D31873251326}"
EndProject
Global
	GlobalSection(SolutionConfigurationPlatforms) = preSolution
		Debug|Any CPU = Debug|Any CPU
		Release|Any CPU = Release|Any CPU
	EndGlobalSection
	GlobalSection(ProjectConfigurationPlatforms) = postSolution
		{C963772B-CFDD-43CD-A44A-21FA334E4592}.Debug|Any CPU.ActiveCfg = Debug|Any CPU
		{C963772B-CFDD-43CD-A44A-21FA334E4592}.Debug|Any CPU.Build.0 = Debug|Any CPU
		{C963772B-CFDD-43CD-A44A-21FA334E4592}.Release|Any CPU.ActiveCfg = Release|Any CPU
		{C963772B-CFDD-43CD-A44A-21FA334E4592}.Release|Any CPU.Build.0 = Release|Any CPU
		{11391D7F-F19C-4CC9-907D-9CC524EA1760}.Debug|Any CPU.ActiveCfg = Debug|Any CPU
		{11391D7F-F19C-4CC9-907D-9CC524EA1760}.Debug|Any CPU.Build.0 = Debug|Any CPU
		{11391D7F-F19C-4CC9-907D-9CC524EA1760}.Release|Any CPU.ActiveCfg = Release|Any CPU
		{11391D7F-F19C-4CC9-907D-9CC524EA1760}.Release|Any CPU.Build.0 = Release|Any CPU
		{95AC86AB-92A0-4E94-928B-D31873251326}.Debug|Any CPU.ActiveCfg = Debug
		{95AC86AB-92A0-4E94-928B-D31873251326}.Release|Any CPU.ActiveCfg = Release
	EndGlobalSection
	GlobalSection(SolutionProperties) = preSolution
		HideSolutionNode = FALSE
	EndGlobalSection
	GlobalSection(ExtensibilityGlobals) = postSolution
		SolutionGuid = {B910F1DB-7585-416A-BBBA-01631D82638D}
	EndGlobalSection
EndGlobal
